
Microsoft Visual Studio Solution File, Format Version 12.00
# Visual Studio Version 17
VisualStudioVersion = 17.3.32929.385
MinimumVisualStudioVersion = 10.0.40219.1
Project("{FAE04EC0-301F-11D3-BF4B-00C04F79EFBC}") = "MyToDo.UWP", "MyToDo\MyToDo.UWP\MyToDo.UWP.csproj", "{04D14EDB-BD08-44BC-B40F-879F9360FD1F}"
EndProject
Project("{FAE04EC0-301F-11D3-BF4B-00C04F79EFBC}") = "MyToDo.Android", "MyToDo\MyToDo.Android\MyToDo.Android.csproj", "{12011681-3FA5-409A-BFAD-5EB12C5E574D}"
EndProject
Project("{FAE04EC0-301F-11D3-BF4B-00C04F79EFBC}") = "MyToDo.iOS", "MyToDo\MyToDo.iOS\MyToDo.iOS.csproj", "{7BB960BF-BDE3-4818-B8D0-1DAA44A99628}"
EndProject
Project("{FAE04EC0-301F-11D3-BF4B-00C04F79EFBC}") = "MyToDo", "MyToDo\MyToDo\MyToDo.csproj", "{B6C46878-AF7A-48DD-A60F-988ACD9413CB}"
EndProject
Global
	GlobalSection(SolutionConfigurationPlatforms) = preSolution
		Debug|Any CPU = Debug|Any CPU
		Debug|ARM = Debug|ARM
		Debug|iPhone = Debug|iPhone
		Debug|iPhoneSimulator = Debug|iPhoneSimulator
		Debug|x64 = Debug|x64
		Debug|x86 = Debug|x86
		Release|Any CPU = Release|Any CPU
		Release|ARM = Release|ARM
		Release|iPhone = Release|iPhone
		Release|iPhoneSimulator = Release|iPhoneSimulator
		Release|x64 = Release|x64
		Release|x86 = Release|x86
	EndGlobalSection
	GlobalSection(ProjectConfigurationPlatforms) = postSolution
		{04D14EDB-BD08-44BC-B40F-879F9360FD1F}.Debug|Any CPU.ActiveCfg = Debug|x64
		{04D14EDB-BD08-44BC-B40F-879F9360FD1F}.Debug|Any CPU.Build.0 = Debug|x64
		{04D14EDB-BD08-44BC-B40F-879F9360FD1F}.Debug|Any CPU.Deploy.0 = Debug|x64
		{04D14EDB-BD08-44BC-B40F-879F9360FD1F}.Debug|ARM.ActiveCfg = Debug|ARM
		{04D14EDB-BD08-44BC-B40F-879F9360FD1F}.Debug|ARM.Build.0 = Debug|ARM
		{04D14EDB-BD08-44BC-B40F-879F9360FD1F}.Debug|ARM.Deploy.0 = Debug|ARM
		{04D14EDB-BD08-44BC-B40F-879F9360FD1F}.Debug|iPhone.ActiveCfg = Debug|x64
		{04D14EDB-BD08-44BC-B40F-879F9360FD1F}.Debug|iPhone.Build.0 = Debug|x64
		{04D14EDB-BD08-44BC-B40F-879F9360FD1F}.Debug|iPhone.Deploy.0 = Debug|x64
		{04D14EDB-BD08-44BC-B40F-879F9360FD1F}.Debug|iPhoneSimulator.ActiveCfg = Debug|x64
		{04D14EDB-BD08-44BC-B40F-879F9360FD1F}.Debug|iPhoneSimulator.Build.0 = Debug|x64
		{04D14EDB-BD08-44BC-B40F-879F9360FD1F}.Debug|iPhoneSimulator.Deploy.0 = Debug|x64
		{04D14EDB-BD08-44BC-B40F-879F9360FD1F}.Debug|x64.ActiveCfg = Debug|x64
		{04D14EDB-BD08-44BC-B40F-879F9360FD1F}.Debug|x64.Build.0 = Debug|x64
		{04D14EDB-BD08-44BC-B40F-879F9360FD1F}.Debug|x64.Deploy.0 = Debug|x64
		{04D14EDB-BD08-44BC-B40F-879F9360FD1F}.Debug|x86.ActiveCfg = Debug|x86
		{04D14EDB-BD08-44BC-B40F-879F9360FD1F}.Debug|x86.Build.0 = Debug|x86
		{04D14EDB-BD08-44BC-B40F-879F9360FD1F}.Debug|x86.Deploy.0 = Debug|x86
		{04D14EDB-BD08-44BC-B40F-879F9360FD1F}.Release|Any CPU.ActiveCfg = Release|x64
		{04D14EDB-BD08-44BC-B40F-879F9360FD1F}.Release|Any CPU.Build.0 = Release|x64
		{04D14EDB-BD08-44BC-B40F-879F9360FD1F}.Release|Any CPU.Deploy.0 = Release|x64
		{04D14EDB-BD08-44BC-B40F-879F9360FD1F}.Release|ARM.ActiveCfg = Release|ARM
		{04D14EDB-BD08-44BC-B40F-879F9360FD1F}.Release|ARM.Build.0 = Release|ARM
		{04D14EDB-BD08-44BC-B40F-879F9360FD1F}.Release|ARM.Deploy.0 = Release|ARM
		{04D14EDB-BD08-44BC-B40F-879F9360FD1F}.Release|iPhone.ActiveCfg = Release|x64
		{04D14EDB-BD08-44BC-B40F-879F9360FD1F}.Release|iPhone.Build.0 = Release|x64
		{04D14EDB-BD08-44BC-B40F-879F9360FD1F}.Release|iPhone.Deploy.0 = Release|x64
		{04D14EDB-BD08-44BC-B40F-879F9360FD1F}.Release|iPhoneSimulator.ActiveCfg = Release|x64
		{04D14EDB-BD08-44BC-B40F-879F9360FD1F}.Release|iPhoneSimulator.Build.0 = Release|x64
		{04D14EDB-BD08-44BC-B40F-879F9360FD1F}.Release|iPhoneSimulator.Deploy.0 = Release|x64
		{04D14EDB-BD08-44BC-B40F-879F9360FD1F}.Release|x64.ActiveCfg = Release|x64
		{04D14EDB-BD08-44BC-B40F-879F9360FD1F}.Release|x64.Build.0 = Release|x64
		{04D14EDB-BD08-44BC-B40F-879F9360FD1F}.Release|x64.Deploy.0 = Release|x64
		{04D14EDB-BD08-44BC-B40F-879F9360FD1F}.Release|x86.ActiveCfg = Release|x86
		{04D14EDB-BD08-44BC-B40F-879F9360FD1F}.Release|x86.Build.0 = Release|x86
		{04D14EDB-BD08-44BC-B40F-879F9360FD1F}.Release|x86.Deploy.0 = Release|x86
		{12011681-3FA5-409A-BFAD-5EB12C5E574D}.Debug|Any CPU.ActiveCfg = Debug|Any CPU
		{12011681-3FA5-409A-BFAD-5EB12C5E574D}.Debug|Any CPU.Build.0 = Debug|Any CPU
		{12011681-3FA5-409A-BFAD-5EB12C5E574D}.Debug|Any CPU.Deploy.0 = Debug|Any CPU
		{12011681-3FA5-409A-BFAD-5EB12C5E574D}.Debug|ARM.ActiveCfg = Debug|Any CPU
		{12011681-3FA5-409A-BFAD-5EB12C5E574D}.Debug|ARM.Build.0 = Debug|Any CPU
		{12011681-3FA5-409A-BFAD-5EB12C5E574D}.Debug|ARM.Deploy.0 = Debug|Any CPU
		{12011681-3FA5-409A-BFAD-5EB12C5E574D}.Debug|iPhone.ActiveCfg = Debug|Any CPU
		{12011681-3FA5-409A-BFAD-5EB12C5E574D}.Debug|iPhone.Build.0 = Debug|Any CPU
		{12011681-3FA5-409A-BFAD-5EB12C5E574D}.Debug|iPhone.Deploy.0 = Debug|Any CPU
		{12011681-3FA5-409A-BFAD-5EB12C5E574D}.Debug|iPhoneSimulator.ActiveCfg = Debug|Any CPU
		{12011681-3FA5-409A-BFAD-5EB12C5E574D}.Debug|iPhoneSimulator.Build.0 = Debug|Any CPU
		{12011681-3FA5-409A-BFAD-5EB12C5E574D}.Debug|iPhoneSimulator.Deploy.0 = Debug|Any CPU
		{12011681-3FA5-409A-BFAD-5EB12C5E574D}.Debug|x64.ActiveCfg = Debug|Any CPU
		{12011681-3FA5-409A-BFAD-5EB12C5E574D}.Debug|x64.Build.0 = Debug|Any CPU
		{12011681-3FA5-409A-BFAD-5EB12C5E574D}.Debug|x64.Deploy.0 = Debug|Any CPU
		{12011681-3FA5-409A-BFAD-5EB12C5E574D}.Debug|x86.ActiveCfg = Debug|Any CPU
		{12011681-3FA5-409A-BFAD-5EB12C5E574D}.Debug|x86.Build.0 = Debug|Any CPU
		{12011681-3FA5-409A-BFAD-5EB12C5E574D}.Debug|x86.Deploy.0 = Debug|Any CPU
		{12011681-3FA5-409A-BFAD-5EB12C5E574D}.Release|Any CPU.ActiveCfg = Release|Any CPU
		{12011681-3FA5-409A-BFAD-5EB12C5E574D}.Release|Any CPU.Build.0 = Release|Any CPU
		{12011681-3FA5-409A-BFAD-5EB12C5E574D}.Release|Any CPU.Deploy.0 = Release|Any CPU
		{12011681-3FA5-409A-BFAD-5EB12C5E574D}.Release|ARM.ActiveCfg = Release|Any CPU
		{12011681-3FA5-409A-BFAD-5EB12C5E574D}.Release|ARM.Build.0 = Release|Any CPU
		{12011681-3FA5-409A-BFAD-5EB12C5E574D}.Release|ARM.Deploy.0 = Release|Any CPU
		{12011681-3FA5-409A-BFAD-5EB12C5E574D}.Release|iPhone.ActiveCfg = Release|Any CPU
		{12011681-3FA5-409A-BFAD-5EB12C5E574D}.Release|iPhone.Build.0 = Release|Any CPU
		{12011681-3FA5-409A-BFAD-5EB12C5E574D}.Release|iPhone.Deploy.0 = Release|Any CPU
		{12011681-3FA5-409A-BFAD-5EB12C5E574D}.Release|iPhoneSimulator.ActiveCfg = Release|Any CPU
		{12011681-3FA5-409A-BFAD-5EB12C5E574D}.Release|iPhoneSimulator.Build.0 = Release|Any CPU
		{12011681-3FA5-409A-BFAD-5EB12C5E574D}.Release|iPhoneSimulator.Deploy.0 = Release|Any CPU
		{12011681-3FA5-409A-BFAD-5EB12C5E574D}.Release|x64.ActiveCfg = Release|Any CPU
		{12011681-3FA5-409A-BFAD-5EB12C5E574D}.Release|x64.Build.0 = Release|Any CPU
		{12011681-3FA5-409A-BFAD-5EB12C5E574D}.Release|x64.Deploy.0 = Release|Any CPU
		{12011681-3FA5-409A-BFAD-5EB12C5E574D}.Release|x86.ActiveCfg = Release|Any CPU
		{12011681-3FA5-409A-BFAD-5EB12C5E574D}.Release|x86.Build.0 = Release|Any CPU
		{12011681-3FA5-409A-BFAD-5EB12C5E574D}.Release|x86.Deploy.0 = Release|Any CPU
		{7BB960BF-BDE3-4818-B8D0-1DAA44A99628}.Debug|Any CPU.ActiveCfg = Debug|iPhoneSimulator
		{7BB960BF-BDE3-4818-B8D0-1DAA44A99628}.Debug|Any CPU.Build.0 = Debug|iPhoneSimulator
		{7BB960BF-BDE3-4818-B8D0-1DAA44A99628}.Debug|Any CPU.Deploy.0 = Debug|iPhoneSimulator
		{7BB960BF-BDE3-4818-B8D0-1DAA44A99628}.Debug|ARM.ActiveCfg = Debug|iPhoneSimulator
		{7BB960BF-BDE3-4818-B8D0-1DAA44A99628}.Debug|ARM.Build.0 = Debug|iPhoneSimulator
		{7BB960BF-BDE3-4818-B8D0-1DAA44A99628}.Debug|ARM.Deploy.0 = Debug|iPhoneSimulator
		{7BB960BF-BDE3-4818-B8D0-1DAA44A99628}.Debug|iPhone.ActiveCfg = Debug|iPhone
		{7BB960BF-BDE3-4818-B8D0-1DAA44A99628}.Debug|iPhone.Build.0 = Debug|iPhone
		{7BB960BF-BDE3-4818-B8D0-1DAA44A99628}.Debug|iPhone.Deploy.0 = Debug|iPhone
		{7BB960BF-BDE3-4818-B8D0-1DAA44A99628}.Debug|iPhoneSimulator.ActiveCfg = Debug|iPhoneSimulator
		{7BB960BF-BDE3-4818-B8D0-1DAA44A99628}.Debug|iPhoneSimulator.Build.0 = Debug|iPhoneSimulator
		{7BB960BF-BDE3-4818-B8D0-1DAA44A99628}.Debug|iPhoneSimulator.Deploy.0 = Debug|iPhoneSimulator
		{7BB960BF-BDE3-4818-B8D0-1DAA44A99628}.Debug|x64.ActiveCfg = Debug|iPhone
		{7BB960BF-BDE3-4818-B8D0-1DAA44A99628}.Debug|x64.Build.0 = Debug|iPhone
		{7BB960BF-BDE3-4818-B8D0-1DAA44A99628}.Debug|x64.Deploy.0 = Debug|iPhone
		{7BB960BF-BDE3-4818-B8D0-1DAA44A99628}.Debug|x86.ActiveCfg = Debug|iPhoneSimulator
		{7BB960BF-BDE3-4818-B8D0-1DAA44A99628}.Debug|x86.Build.0 = Debug|iPhoneSimulator
		{7BB960BF-BDE3-4818-B8D0-1DAA44A99628}.Debug|x86.Deploy.0 = Debug|iPhoneSimulator
		{7BB960BF-BDE3-4818-B8D0-1DAA44A99628}.Release|Any CPU.ActiveCfg = Release|iPhoneSimulator
		{7BB960BF-BDE3-4818-B8D0-1DAA44A99628}.Release|Any CPU.Build.0 = Release|iPhoneSimulator
		{7BB960BF-BDE3-4818-B8D0-1DAA44A99628}.Release|Any CPU.Deploy.0 = Release|iPhoneSimulator
		{7BB960BF-BDE3-4818-B8D0-1DAA44A99628}.Release|ARM.ActiveCfg = Release|iPhoneSimulator
		{7BB960BF-BDE3-4818-B8D0-1DAA44A99628}.Release|ARM.Build.0 = Release|iPhoneSimulator
		{7BB960BF-BDE3-4818-B8D0-1DAA44A99628}.Release|ARM.Deploy.0 = Release|iPhoneSimulator
		{7BB960BF-BDE3-4818-B8D0-1DAA44A99628}.Release|iPhone.ActiveCfg = Release|iPhone
		{7BB960BF-BDE3-4818-B8D0-1DAA44A99628}.Release|iPhone.Build.0 = Release|iPhone
		{7BB960BF-BDE3-4818-B8D0-1DAA44A99628}.Release|iPhone.Deploy.0 = Release|iPhone
		{7BB960BF-BDE3-4818-B8D0-1DAA44A99628}.Release|iPhoneSimulator.ActiveCfg = Release|iPhoneSimulator
		{7BB960BF-BDE3-4818-B8D0-1DAA44A99628}.Release|iPhoneSimulator.Build.0 = Release|iPhoneSimulator
		{7BB960BF-BDE3-4818-B8D0-1DAA44A99628}.Release|iPhoneSimulator.Deploy.0 = Release|iPhoneSimulator
		{7BB960BF-BDE3-4818-B8D0-1DAA44A99628}.Release|x64.ActiveCfg = Release|iPhoneSimulator
		{7BB960BF-BDE3-4818-B8D0-1DAA44A99628}.Release|x64.Build.0 = Release|iPhoneSimulator
		{7BB960BF-BDE3-4818-B8D0-1DAA44A99628}.Release|x64.Deploy.0 = Release|iPhoneSimulator
		{7BB960BF-BDE3-4818-B8D0-1DAA44A99628}.Release|x86.ActiveCfg = Release|iPhoneSimulator
		{7BB960BF-BDE3-4818-B8D0-1DAA44A99628}.Release|x86.Build.0 = Release|iPhoneSimulator
		{7BB960BF-BDE3-4818-B8D0-1DAA44A99628}.Release|x86.Deploy.0 = Release|iPhoneSimulator
		{B6C46878-AF7A-48DD-A60F-988ACD9413CB}.Debug|Any CPU.ActiveCfg = Debug|Any CPU
		{B6C46878-AF7A-48DD-A60F-988ACD9413CB}.Debug|Any CPU.Build.0 = Debug|Any CPU
		{B6C46878-AF7A-48DD-A60F-988ACD9413CB}.Debug|Any CPU.Deploy.0 = Debug|Any CPU
		{B6C46878-AF7A-48DD-A60F-988ACD9413CB}.Debug|ARM.ActiveCfg = Debug|Any CPU
		{B6C46878-AF7A-48DD-A60F-988ACD9413CB}.Debug|ARM.Build.0 = Debug|Any CPU
		{B6C46878-AF7A-48DD-A60F-988ACD9413CB}.Debug|ARM.Deploy.0 = Debug|Any CPU
		{B6C46878-AF7A-48DD-A60F-988ACD9413CB}.Debug|iPhone.ActiveCfg = Debug|Any CPU
		{B6C46878-AF7A-48DD-A60F-988ACD9413CB}.Debug|iPhone.Build.0 = Debug|Any CPU
		{B6C46878-AF7A-48DD-A60F-988ACD9413CB}.Debug|iPhone.Deploy.0 = Debug|Any CPU
		{B6C46878-AF7A-48DD-A60F-988ACD9413CB}.Debug|iPhoneSimulator.ActiveCfg = Debug|Any CPU
		{B6C46878-AF7A-48DD-A60F-988ACD9413CB}.Debug|iPhoneSimulator.Build.0 = Debug|Any CPU
		{B6C46878-AF7A-48DD-A60F-988ACD9413CB}.Debug|iPhoneSimulator.Deploy.0 = Debug|Any CPU
		{B6C46878-AF7A-48DD-A60F-988ACD9413CB}.Debug|x64.ActiveCfg = Debug|Any CPU
		{B6C46878-AF7A-48DD-A60F-988ACD9413CB}.Debug|x64.Build.0 = Debug|Any CPU
		{B6C46878-AF7A-48DD-A60F-988ACD9413CB}.Debug|x64.Deploy.0 = Debug|Any CPU
		{B6C46878-AF7A-48DD-A60F-988ACD9413CB}.Debug|x86.ActiveCfg = Debug|Any CPU
		{B6C46878-AF7A-48DD-A60F-988ACD9413CB}.Debug|x86.Build.0 = Debug|Any CPU
		{B6C46878-AF7A-48DD-A60F-988ACD9413CB}.Debug|x86.Deploy.0 = Debug|Any CPU
		{B6C46878-AF7A-48DD-A60F-988ACD9413CB}.Release|Any CPU.ActiveCfg = Release|Any CPU
		{B6C46878-AF7A-48DD-A60F-988ACD9413CB}.Release|Any CPU.Build.0 = Release|Any CPU
		{B6C46878-AF7A-48DD-A60F-988ACD9413CB}.Release|Any CPU.Deploy.0 = Release|Any CPU
		{B6C46878-AF7A-48DD-A60F-988ACD9413CB}.Release|ARM.ActiveCfg = Release|Any CPU
		{B6C46878-AF7A-48DD-A60F-988ACD9413CB}.Release|ARM.Build.0 = Release|Any CPU
		{B6C46878-AF7A-48DD-A60F-988ACD9413CB}.Release|ARM.Deploy.0 = Release|Any CPU
		{B6C46878-AF7A-48DD-A60F-988ACD9413CB}.Release|iPhone.ActiveCfg = Release|Any CPU
		{B6C46878-AF7A-48DD-A60F-988ACD9413CB}.Release|iPhone.Build.0 = Release|Any CPU
		{B6C46878-AF7A-48DD-A60F-988ACD9413CB}.Release|iPhone.Deploy.0 = Release|Any CPU
		{B6C46878-AF7A-48DD-A60F-988ACD9413CB}.Release|iPhoneSimulator.ActiveCfg = Release|Any CPU
		{B6C46878-AF7A-48DD-A60F-988ACD9413CB}.Release|iPhoneSimulator.Build.0 = Release|Any CPU
		{B6C46878-AF7A-48DD-A60F-988ACD9413CB}.Release|iPhoneSimulator.Deploy.0 = Release|Any CPU
		{B6C46878-AF7A-48DD-A60F-988ACD9413CB}.Release|x64.ActiveCfg = Release|Any CPU
		{B6C46878-AF7A-48DD-A60F-988ACD9413CB}.Release|x64.Build.0 = Release|Any CPU
		{B6C46878-AF7A-48DD-A60F-988ACD9413CB}.Release|x64.Deploy.0 = Release|Any CPU
		{B6C46878-AF7A-48DD-A60F-988ACD9413CB}.Release|x86.ActiveCfg = Release|Any CPU
		{B6C46878-AF7A-48DD-A60F-988ACD9413CB}.Release|x86.Build.0 = Release|Any CPU
		{B6C46878-AF7A-48DD-A60F-988ACD9413CB}.Release|x86.Deploy.0 = Release|Any CPU
	EndGlobalSection
	GlobalSection(SolutionProperties) = preSolution
		HideSolutionNode = FALSE
	EndGlobalSection
	GlobalSection(ExtensibilityGlobals) = postSolution
		SolutionGuid = {C9C7B9DE-1F85-4D31-A0B0-E7757F42C72C}
	EndGlobalSection
EndGlobal
